
Microsoft Visual Studio Solution File, Format Version 12.00
# Visual Studio 15
VisualStudioVersion = 15.0.28307.1000
MinimumVisualStudioVersion = 10.0.40219.1
Project("{8BC9CEB8-8B4A-11D0-8D11-00A0C91BC942}") = "Lab3", "Lab3\Lab3.vcxproj", "{92019BC9-7DF3-426E-BAE5-8A53F0A3C1B1}"
EndProject
Global
	GlobalSection(SolutionConfigurationPlatforms) = preSolution
		Debug|x64 = Debug|x64
		Debug|x86 = Debug|x86
		Release|x64 = Release|x64
		Release|x86 = Release|x86
	EndGlobalSection
	GlobalSection(ProjectConfigurationPlatforms) = postSolution
		{92019BC9-7DF3-426E-BAE5-8A53F0A3C1B1}.Debug|x64.ActiveCfg = Debug|x64
		{92019BC9-7DF3-426E-BAE5-8A53F0A3C1B1}.Debug|x64.Build.0 = Debug|x64
		{92019BC9-7DF3-426E-BAE5-8A53F0A3C1B1}.Debug|x86.ActiveCfg = Debug|Win32
		{92019BC9-7DF3-426E-BAE5-8A53F0A3C1B1}.Debug|x86.Build.0 = Debug|Win32
		{92019BC9-7DF3-426E-BAE5-8A53F0A3C1B1}.Release|x64.ActiveCfg = Release|x64
		{92019BC9-7DF3-426E-BAE5-8A53F0A3C1B1}.Release|x64.Build.0 = Release|x64
		{92019BC9-7DF3-426E-BAE5-8A53F0A3C1B1}.Release|x86.ActiveCfg = Release|Win32
		{92019BC9-7DF3-426E-BAE5-8A53F0A3C1B1}.Release|x86.Build.0 = Release|Win32
	EndGlobalSection
	GlobalSection(SolutionProperties) = preSolution
		HideSolutionNode = FALSE
	EndGlobalSection
	GlobalSection(ExtensibilityGlobals) = postSolution
		SolutionGuid = {B5A8D25F-B6B4-48F4-A994-3CAC12BC35F2}
	EndGlobalSection
EndGlobal
